
Microsoft Visual Studio Solution File, Format Version 12.00
# Visual Studio Version 17
VisualStudioVersion = 17.1.32319.34
MinimumVisualStudioVersion = 10.0.40219.1
Project("{FAE04EC0-301F-11D3-BF4B-00C04F79EFBC}") = "Calc-V.3", "Calc-V.3\Calc-V.3.csproj", "{DA22FE92-274F-4403-B436-CE2679AE5876}"
EndProject
Global
	GlobalSection(SolutionConfigurationPlatforms) = preSolution
		Debug|Any CPU = Debug|Any CPU
		Release|Any CPU = Release|Any CPU
	EndGlobalSection
	GlobalSection(ProjectConfigurationPlatforms) = postSolution
		{DA22FE92-274F-4403-B436-CE2679AE5876}.Debug|Any CPU.ActiveCfg = Debug|Any CPU
		{DA22FE92-274F-4403-B436-CE2679AE5876}.Debug|Any CPU.Build.0 = Debug|Any CPU
		{DA22FE92-274F-4403-B436-CE2679AE5876}.Release|Any CPU.ActiveCfg = Release|Any CPU
		{DA22FE92-274F-4403-B436-CE2679AE5876}.Release|Any CPU.Build.0 = Release|Any CPU
	EndGlobalSection
	GlobalSection(SolutionProperties) = preSolution
		HideSolutionNode = FALSE
	EndGlobalSection
	GlobalSection(ExtensibilityGlobals) = postSolution
		SolutionGuid = {AB8198FB-C578-4F1E-B2AD-DDC34E1C2D79}
	EndGlobalSection
EndGlobal
